// !$*UTF8*$!
{
	archiveVersion = 1;
	classes = {
	};
	objectVersion = 46;
	objects = {

/* Begin PBXBuildFile section */
		AA5E13651A2A253B009E012E /* ResourcePath.mm in Sources */ = {isa = PBXBuildFile; fileRef = AA5E13641A2A253B009E012E /* ResourcePath.mm */; };
		AA5E13681A2A253B009E012E /* main.cpp in Sources */ = {isa = PBXBuildFile; fileRef = AA5E13671A2A253B009E012E /* main.cpp */; };
		AA5E13781A2A2584009E012E /* SDL2.framework in Frameworks */ = {isa = PBXBuildFile; fileRef = AA5E13771A2A2584009E012E /* SDL2.framework */; };
		AA5E137A1A2A25EA009E012E /* glm in Resources */ = {isa = PBXBuildFile; fileRef = AA5E13791A2A25EA009E012E /* glm */; };
		AA5E137C1A2A2608009E012E /* OpenGL.framework in Frameworks */ = {isa = PBXBuildFile; fileRef = AA5E137B1A2A2608009E012E /* OpenGL.framework */; };
		AA5E137F1A2A2661009E012E /* MainGame.cpp in Sources */ = {isa = PBXBuildFile; fileRef = AA5E137D1A2A2661009E012E /* MainGame.cpp */; };
		AA5E13821A2A2801009E012E /* GLManager.cpp in Sources */ = {isa = PBXBuildFile; fileRef = AA5E13801A2A2801009E012E /* GLManager.cpp */; };
		AA5E13841A2A2873009E012E /* fragmentShader.glsl in Resources */ = {isa = PBXBuildFile; fileRef = AA5E13831A2A2873009E012E /* fragmentShader.glsl */; };
		AA5E13861A2A287B009E012E /* vertexShader.glsl in Resources */ = {isa = PBXBuildFile; fileRef = AA5E13851A2A287B009E012E /* vertexShader.glsl */; };
		AA5E13891A2A297B009E012E /* Beam.cpp in Sources */ = {isa = PBXBuildFile; fileRef = AA5E13871A2A297B009E012E /* Beam.cpp */; };
		AA5E138C1A2A2ACE009E012E /* Vertex.cpp in Sources */ = {isa = PBXBuildFile; fileRef = AA5E138A1A2A2ACE009E012E /* Vertex.cpp */; };
/* End PBXBuildFile section */

/* Begin PBXFileReference section */
		AA5E135F1A2A253B009E012E /* BeamTheory.app */ = {isa = PBXFileReference; explicitFileType = wrapper.application; includeInIndex = 0; path = BeamTheory.app; sourceTree = BUILT_PRODUCTS_DIR; };
		AA5E13631A2A253B009E012E /* BeamTheory-Info.plist */ = {isa = PBXFileReference; lastKnownFileType = text.plist.xml; path = "BeamTheory-Info.plist"; sourceTree = "<group>"; };
		AA5E13641A2A253B009E012E /* ResourcePath.mm */ = {isa = PBXFileReference; lastKnownFileType = sourcecode.cpp.objcpp; path = ResourcePath.mm; sourceTree = "<group>"; };
		AA5E13661A2A253B009E012E /* ResourcePath.hpp */ = {isa = PBXFileReference; lastKnownFileType = sourcecode.cpp.h; path = ResourcePath.hpp; sourceTree = "<group>"; };
		AA5E13671A2A253B009E012E /* main.cpp */ = {isa = PBXFileReference; lastKnownFileType = sourcecode.cpp.cpp; path = main.cpp; sourceTree = "<group>"; };
		AA5E13771A2A2584009E012E /* SDL2.framework */ = {isa = PBXFileReference; lastKnownFileType = wrapper.framework; path = SDL2.framework; sourceTree = "<group>"; };
		AA5E13791A2A25EA009E012E /* glm */ = {isa = PBXFileReference; lastKnownFileType = folder; path = glm; sourceTree = "<group>"; };
		AA5E137B1A2A2608009E012E /* OpenGL.framework */ = {isa = PBXFileReference; lastKnownFileType = wrapper.framework; name = OpenGL.framework; path = System/Library/Frameworks/OpenGL.framework; sourceTree = SDKROOT; };
		AA5E137D1A2A2661009E012E /* MainGame.cpp */ = {isa = PBXFileReference; fileEncoding = 4; lastKnownFileType = sourcecode.cpp.cpp; path = MainGame.cpp; sourceTree = "<group>"; };
		AA5E137E1A2A2661009E012E /* MainGame.h */ = {isa = PBXFileReference; fileEncoding = 4; lastKnownFileType = sourcecode.c.h; path = MainGame.h; sourceTree = "<group>"; };
		AA5E13801A2A2801009E012E /* GLManager.cpp */ = {isa = PBXFileReference; fileEncoding = 4; lastKnownFileType = sourcecode.cpp.cpp; path = GLManager.cpp; sourceTree = "<group>"; };
		AA5E13811A2A2801009E012E /* GLManager.h */ = {isa = PBXFileReference; fileEncoding = 4; lastKnownFileType = sourcecode.c.h; path = GLManager.h; sourceTree = "<group>"; };
		AA5E13831A2A2873009E012E /* fragmentShader.glsl */ = {isa = PBXFileReference; fileEncoding = 4; lastKnownFileType = text; path = fragmentShader.glsl; sourceTree = "<group>"; };
		AA5E13851A2A287B009E012E /* vertexShader.glsl */ = {isa = PBXFileReference; fileEncoding = 4; lastKnownFileType = text; path = vertexShader.glsl; sourceTree = "<group>"; };
		AA5E13871A2A297B009E012E /* Beam.cpp */ = {isa = PBXFileReference; fileEncoding = 4; lastKnownFileType = sourcecode.cpp.cpp; path = Beam.cpp; sourceTree = "<group>"; };
		AA5E13881A2A297B009E012E /* Beam.h */ = {isa = PBXFileReference; fileEncoding = 4; lastKnownFileType = sourcecode.c.h; path = Beam.h; sourceTree = "<group>"; };
		AA5E138A1A2A2ACE009E012E /* Vertex.cpp */ = {isa = PBXFileReference; fileEncoding = 4; lastKnownFileType = sourcecode.cpp.cpp; path = Vertex.cpp; sourceTree = "<group>"; };
		AA5E138B1A2A2ACE009E012E /* Vertex.h */ = {isa = PBXFileReference; fileEncoding = 4; lastKnownFileType = sourcecode.c.h; path = Vertex.h; sourceTree = "<group>"; };
/* End PBXFileReference section */

/* Begin PBXFrameworksBuildPhase section */
		AA5E135B1A2A253B009E012E /* Frameworks */ = {
			isa = PBXFrameworksBuildPhase;
			buildActionMask = 2147483647;
			files = (
				AA5E137C1A2A2608009E012E /* OpenGL.framework in Frameworks */,
				AA5E13781A2A2584009E012E /* SDL2.framework in Frameworks */,
			);
			runOnlyForDeploymentPostprocessing = 0;
		};
/* End PBXFrameworksBuildPhase section */

/* Begin PBXGroup section */
		AA5E13551A2A253B009E012E = {
			isa = PBXGroup;
			children = (
				AA5E137B1A2A2608009E012E /* OpenGL.framework */,
				AA5E13771A2A2584009E012E /* SDL2.framework */,
				AA5E13611A2A253B009E012E /* BeamTheory */,
				AA5E13601A2A253B009E012E /* Products */,
			);
			sourceTree = "<group>";
		};
		AA5E13601A2A253B009E012E /* Products */ = {
			isa = PBXGroup;
			children = (
				AA5E135F1A2A253B009E012E /* BeamTheory.app */,
			);
			name = Products;
			sourceTree = "<group>";
		};
		AA5E13611A2A253B009E012E /* BeamTheory */ = {
			isa = PBXGroup;
			children = (
				AA5E13801A2A2801009E012E /* GLManager.cpp */,
				AA5E13811A2A2801009E012E /* GLManager.h */,
				AA5E13791A2A25EA009E012E /* glm */,
				AA5E13641A2A253B009E012E /* ResourcePath.mm */,
				AA5E13661A2A253B009E012E /* ResourcePath.hpp */,
				AA5E13671A2A253B009E012E /* main.cpp */,
				AA5E13691A2A253B009E012E /* Resources */,
				AA5E13621A2A253B009E012E /* Supporting Files */,
				AA5E137D1A2A2661009E012E /* MainGame.cpp */,
				AA5E137E1A2A2661009E012E /* MainGame.h */,
				AA5E13871A2A297B009E012E /* Beam.cpp */,
				AA5E13881A2A297B009E012E /* Beam.h */,
				AA5E138A1A2A2ACE009E012E /* Vertex.cpp */,
				AA5E138B1A2A2ACE009E012E /* Vertex.h */,
			);
			path = BeamTheory;
			sourceTree = "<group>";
		};
		AA5E13621A2A253B009E012E /* Supporting Files */ = {
			isa = PBXGroup;
			children = (
				AA5E13631A2A253B009E012E /* BeamTheory-Info.plist */,
			);
			name = "Supporting Files";
			sourceTree = "<group>";
		};
		AA5E13691A2A253B009E012E /* Resources */ = {
			isa = PBXGroup;
			children = (
				AA5E13831A2A2873009E012E /* fragmentShader.glsl */,
				AA5E13851A2A287B009E012E /* vertexShader.glsl */,
			);
			name = Resources;
			sourceTree = "<group>";
		};
/* End PBXGroup section */

/* Begin PBXNativeTarget section */
		AA5E135E1A2A253B009E012E /* BeamTheory */ = {
			isa = PBXNativeTarget;
			buildConfigurationList = AA5E13741A2A253B009E012E /* Build configuration list for PBXNativeTarget "BeamTheory" */;
			buildPhases = (
				AA5E135A1A2A253B009E012E /* Sources */,
				AA5E135B1A2A253B009E012E /* Frameworks */,
				AA5E135C1A2A253B009E012E /* Resources */,
			);
			buildRules = (
			);
			dependencies = (
			);
			name = BeamTheory;
			productName = BeamTheory;
			productReference = AA5E135F1A2A253B009E012E /* BeamTheory.app */;
			productType = "com.apple.product-type.application";
		};
/* End PBXNativeTarget section */

/* Begin PBXProject section */
		AA5E13561A2A253B009E012E /* Project object */ = {
			isa = PBXProject;
			attributes = {
				LastUpgradeCheck = 0610;
				ORGANIZATIONNAME = "Christian Cosgrove";
				TargetAttributes = {
					AA5E135E1A2A253B009E012E = {
						CreatedOnToolsVersion = 6.1;
					};
				};
			};
			buildConfigurationList = AA5E13591A2A253B009E012E /* Build configuration list for PBXProject "BeamTheory" */;
			compatibilityVersion = "Xcode 3.2";
			developmentRegion = English;
			hasScannedForEncodings = 0;
			knownRegions = (
				en,
			);
			mainGroup = AA5E13551A2A253B009E012E;
			productRefGroup = AA5E13601A2A253B009E012E /* Products */;
			projectDirPath = "";
			projectRoot = "";
			targets = (
				AA5E135E1A2A253B009E012E /* BeamTheory */,
			);
		};
/* End PBXProject section */

/* Begin PBXResourcesBuildPhase section */
		AA5E135C1A2A253B009E012E /* Resources */ = {
			isa = PBXResourcesBuildPhase;
			buildActionMask = 2147483647;
			files = (
				AA5E13861A2A287B009E012E /* vertexShader.glsl in Resources */,
				AA5E13841A2A2873009E012E /* fragmentShader.glsl in Resources */,
				AA5E137A1A2A25EA009E012E /* glm in Resources */,
			);
			runOnlyForDeploymentPostprocessing = 0;
		};
/* End PBXResourcesBuildPhase section */

/* Begin PBXSourcesBuildPhase section */
		AA5E135A1A2A253B009E012E /* Sources */ = {
			isa = PBXSourcesBuildPhase;
			buildActionMask = 2147483647;
			files = (
				AA5E13821A2A2801009E012E /* GLManager.cpp in Sources */,
				AA5E137F1A2A2661009E012E /* MainGame.cpp in Sources */,
				AA5E13681A2A253B009E012E /* main.cpp in Sources */,
				AA5E138C1A2A2ACE009E012E /* Vertex.cpp in Sources */,
				AA5E13651A2A253B009E012E /* ResourcePath.mm in Sources */,
				AA5E13891A2A297B009E012E /* Beam.cpp in Sources */,
			);
			runOnlyForDeploymentPostprocessing = 0;
		};
/* End PBXSourcesBuildPhase section */

/* Begin XCBuildConfiguration section */
		AA5E13721A2A253B009E012E /* Debug */ = {
			isa = XCBuildConfiguration;
			buildSettings = {
				ARCHS = "$(ARCHS_STANDARD_32_64_BIT)";
				CLANG_CXX_LANGUAGE_STANDARD = "c++0x";
				CLANG_CXX_LIBRARY = "libc++";
				CLANG_WARN_EMPTY_BODY = YES;
				CLANG_WARN__DUPLICATE_METHOD_MATCH = YES;
				FRAMEWORK_SEARCH_PATHS = (
					/Library/Frameworks/,
					"$(inherited)",
				);
				GCC_OPTIMIZATION_LEVEL = 0;
				GCC_PREPROCESSOR_DEFINITIONS = (
					"DEBUG=1",
					"$(inherited)",
				);
				GCC_VERSION = com.apple.compilers.llvm.clang.1_0;
				GCC_WARN_ABOUT_RETURN_TYPE = YES;
				GCC_WARN_UNINITIALIZED_AUTOS = YES;
				GCC_WARN_UNUSED_VARIABLE = YES;
				HEADER_SEARCH_PATHS = (
					/usr/local/include/,
					"$(inherited)",
				);
				LIBRARY_SEARCH_PATHS = (
					/usr/local/lib/,
					"$(inherited)",
				);
				ONLY_ACTIVE_ARCH = NO;
				OTHER_LDFLAGS = (
					"$(inherited)",
					"$(SFML_SYSTEM)",
					"$(SFML_WINDOW)",
					"$(SFML_GRAPHICS)",
					"$(SFML_AUDIO)",
					"$(SFML_NETWORK)",
				);
				SFML_AUDIO = "";
				SFML_BINARY_TYPE = FRAMEWORKS;
				SFML_LINK_DYLIBS_PREFIX = "-l";
				SFML_LINK_DYLIBS_SUFFIX = "";
				SFML_LINK_FRAMEWORKS_PREFIX = "-framework";
				SFML_LINK_FRAMEWORKS_SUFFIX = "";
				SFML_LINK_PREFIX = "$(SFML_LINK_$(SFML_BINARY_TYPE)_PREFIX)";
				SFML_LINK_SUFFIX = "$(SFML_LINK_$(SFML_BINARY_TYPE)_SUFFIX)";
				SFML_NETWORK = "";
				SFML_SYSTEM = "$(SFML_LINK_PREFIX) sfml-system$(SFML_LINK_SUFFIX)";
				SFML_WINDOW = "";
				SUPPORTED_PLATFORMS = macosx;
			};
			name = Debug;
		};
		AA5E13731A2A253B009E012E /* Release */ = {
			isa = XCBuildConfiguration;
			buildSettings = {
				ARCHS = "$(ARCHS_STANDARD_32_64_BIT)";
				CLANG_CXX_LANGUAGE_STANDARD = "c++0x";
				CLANG_CXX_LIBRARY = "libc++";
				CLANG_WARN_EMPTY_BODY = YES;
				CLANG_WARN__DUPLICATE_METHOD_MATCH = YES;
				COPY_PHASE_STRIP = YES;
				FRAMEWORK_SEARCH_PATHS = (
					/Library/Frameworks/,
					"$(inherited)",
				);
				GCC_VERSION = com.apple.compilers.llvm.clang.1_0;
				GCC_WARN_ABOUT_RETURN_TYPE = YES;
				GCC_WARN_UNINITIALIZED_AUTOS = YES;
				GCC_WARN_UNUSED_VARIABLE = YES;
				HEADER_SEARCH_PATHS = (
					/usr/local/include/,
					"$(inherited)",
				);
				LIBRARY_SEARCH_PATHS = (
					/usr/local/lib/,
					"$(inherited)",
				);
				ONLY_ACTIVE_ARCH = NO;
				OTHER_LDFLAGS = (
					"$(inherited)",
					"$(SFML_SYSTEM)",
					"$(SFML_WINDOW)",
					"$(SFML_GRAPHICS)",
					"$(SFML_AUDIO)",
					"$(SFML_NETWORK)",
				);
				SFML_AUDIO = "";
				SFML_BINARY_TYPE = FRAMEWORKS;
				SFML_LINK_DYLIBS_PREFIX = "-l";
				SFML_LINK_DYLIBS_SUFFIX = "";
				SFML_LINK_FRAMEWORKS_PREFIX = "-framework";
				SFML_LINK_FRAMEWORKS_SUFFIX = "";
				SFML_LINK_PREFIX = "$(SFML_LINK_$(SFML_BINARY_TYPE)_PREFIX)";
				SFML_LINK_SUFFIX = "$(SFML_LINK_$(SFML_BINARY_TYPE)_SUFFIX)";
				SFML_NETWORK = "";
				SFML_SYSTEM = "$(SFML_LINK_PREFIX) sfml-system$(SFML_LINK_SUFFIX)";
				SFML_WINDOW = "";
				SUPPORTED_PLATFORMS = macosx;
			};
			name = Release;
		};
		AA5E13751A2A253B009E012E /* Debug */ = {
			isa = XCBuildConfiguration;
			buildSettings = {
				FRAMEWORK_SEARCH_PATHS = (
					"$(inherited)",
					"$(PROJECT_DIR)",
				);
				INFOPLIST_FILE = "BeamTheory/BeamTheory-Info.plist";
				MACOSX_DEPLOYMENT_TARGET = 10.8;
				PRODUCT_NAME = "$(TARGET_NAME)";
			};
			name = Debug;
		};
		AA5E13761A2A253B009E012E /* Release */ = {
			isa = XCBuildConfiguration;
			buildSettings = {
				FRAMEWORK_SEARCH_PATHS = (
					"$(inherited)",
					"$(PROJECT_DIR)",
				);
				INFOPLIST_FILE = "BeamTheory/BeamTheory-Info.plist";
				MACOSX_DEPLOYMENT_TARGET = 10.8;
				PRODUCT_NAME = "$(TARGET_NAME)";
			};
			name = Release;
		};
/* End XCBuildConfiguration section */

/* Begin XCConfigurationList section */
		AA5E13591A2A253B009E012E /* Build configuration list for PBXProject "BeamTheory" */ = {
			isa = XCConfigurationList;
			buildConfigurations = (
				AA5E13721A2A253B009E012E /* Debug */,
				AA5E13731A2A253B009E012E /* Release */,
			);
			defaultConfigurationIsVisible = 0;
			defaultConfigurationName = Release;
		};
		AA5E13741A2A253B009E012E /* Build configuration list for PBXNativeTarget "BeamTheory" */ = {
			isa = XCConfigurationList;
			buildConfigurations = (
				AA5E13751A2A253B009E012E /* Debug */,
				AA5E13761A2A253B009E012E /* Release */,
			);
			defaultConfigurationIsVisible = 0;
		};
/* End XCConfigurationList section */
	};
	rootObject = AA5E13561A2A253B009E012E /* Project object */;
}
